version = 1
revision = 2
requires-python = ">=3.14"

[[package]]
name = "3bldanalyticgenerator"
version = "0.1.0"
source = { virtual = "." }
dependencies = [
    { name = "kociemba" },
    { name = "numpy" },
    { name = "openpyxl" },
    { name = "pandas" },
]

[package.metadata]
requires-dist = [
    { name = "kociemba", specifier = ">=1.2.1" },
    { name = "numpy", specifier = ">=2.4.0" },
    { name = "openpyxl", specifier = ">=3.1.5" },
    { name = "pandas", specifier = ">=2.3.3" },
]

[[package]]
name = "cffi"
version = "2.0.0"
source = { registry = "https://pypi.org/simple" }
dependencies = [
    { name = "pycparser", marker = "implementation_name != 'PyPy'" },
]
sdist = { url = "https://files.pythonhosted.org/packages/eb/56/b1ba7935a17738ae8453301356628e8147c79dbb825bcbc73dc7401f9846/cffi-2.0.0.tar.gz", hash = "sha256:44d1b5909021139fe36001ae048dbdde8214afa20200eda0f64c068cac5d5529", size = 523588, upload-time = "2025-09-08T23:24:04.541Z" }
wheels = [
    { url = "https://files.pythonhosted.org/packages/92/c4/3ce07396253a83250ee98564f8d7e9789fab8e58858f35d07a9a2c78de9f/cffi-2.0.0-cp314-cp314-macosx_10_13_x86_64.whl", hash = "sha256:fc33c5141b55ed366cfaad382df24fe7dcbc686de5be719b207bb248e3053dc5", size = 185320, upload-time = "2025-09-08T23:23:18.087Z" },
    { url = "https://files.pythonhosted.org/packages/59/dd/27e9fa567a23931c838c6b02d0764611c62290062a6d4e8ff7863daf9730/cffi-2.0.0-cp314-cp314-macosx_11_0_arm64.whl", hash = "sha256:c654de545946e0db659b3400168c9ad31b5d29593291482c43e3564effbcee13", size = 181487, upload-time = "2025-09-08T23:23:19.622Z" },
    { url = "https://files.pythonhosted.org/packages/d6/43/0e822876f87ea8a4ef95442c3d766a06a51fc5298823f884ef87aaad168c/cffi-2.0.0-cp314-cp314-manylinux2014_aarch64.manylinux_2_17_aarch64.whl", hash = "sha256:24b6f81f1983e6df8db3adc38562c83f7d4a0c36162885ec7f7b77c7dcbec97b", size = 220049, upload-time = "2025-09-08T23:23:20.853Z" },
    { url = "https://files.pythonhosted.org/packages/b4/89/76799151d9c2d2d1ead63c2429da9ea9d7aac304603de0c6e8764e6e8e70/cffi-2.0.0-cp314-cp314-manylinux2014_ppc64le.manylinux_2_17_ppc64le.whl", hash = "sha256:12873ca6cb9b0f0d3a0da705d6086fe911591737a59f28b7936bdfed27c0d47c", size = 207793, upload-time = "2025-09-08T23:23:22.08Z" },
    { url = "https://files.pythonhosted.org/packages/bb/dd/3465b14bb9e24ee24cb88c9e3730f6de63111fffe513492bf8c808a3547e/cffi-2.0.0-cp314-cp314-manylinux2014_s390x.manylinux_2_17_s390x.whl", hash = "sha256:d9b97165e8aed9272a6bb17c01e3cc5871a594a446ebedc996e2397a1c1ea8ef", size = 206300, upload-time = "2025-09-08T23:23:23.314Z" },
    { url = "https://files.pythonhosted.org/packages/47/d9/d83e293854571c877a92da46fdec39158f8d7e68da75bf73581225d28e90/cffi-2.0.0-cp314-cp314-manylinux2014_x86_64.manylinux_2_17_x86_64.whl", hash = "sha256:afb8db5439b81cf9c9d0c80404b60c3cc9c3add93e114dcae767f1477cb53775", size = 219244, upload-time = "2025-09-08T23:23:24.541Z" },
    { url = "https://files.pythonhosted.org/packages/2b/0f/1f177e3683aead2bb00f7679a16451d302c436b5cbf2505f0ea8146ef59e/cffi-2.0.0-cp314-cp314-musllinux_1_2_aarch64.whl", hash = "sha256:737fe7d37e1a1bffe70bd5754ea763a62a066dc5913ca57e957824b72a85e205", size = 222828, upload-time = "2025-09-08T23:23:26.143Z" },
    { url = "https://files.pythonhosted.org/packages/c6/0f/cafacebd4b040e3119dcb32fed8bdef8dfe94da653155f9d0b9dc660166e/cffi-2.0.0-cp314-cp314-musllinux_1_2_x86_64.whl", hash = "sha256:38100abb9d1b1435bc4cc340bb4489635dc2f0da7456590877030c9b3d40b0c1", size = 220926, upload-time = "2025-09-08T23:23:27.873Z" },
    { url = "https://files.pythonhosted.org/packages/3e/aa/df335faa45b395396fcbc03de2dfcab242cd61a9900e914fe682a59170b1/cffi-2.0.0-cp314-cp314-win32.whl", hash = "sha256:087067fa8953339c723661eda6b54bc98c5625757ea62e95eb4898ad5e776e9f", size = 175328, upload-time = "2025-09-08T23:23:44.61Z" },
    { url = "https://files.pythonhosted.org/packages/bb/92/882c2d30831744296ce713f0feb4c1cd30f346ef747b530b5318715cc367/cffi-2.0.0-cp314-cp314-win_amd64.whl", hash = "sha256:203a48d1fb583fc7d78a4c6655692963b860a417c0528492a6bc21f1aaefab25", size = 185650, upload-time = "2025-09-08T23:23:45.848Z" },
    { url = "https://files.pythonhosted.org/packages/9f/2c/98ece204b9d35a7366b5b2c6539c350313ca13932143e79dc133ba757104/cffi-2.0.0-cp314-cp314-win_arm64.whl", hash = "sha256:dbd5c7a25a7cb98f5ca55d258b103a2054f859a46ae11aaf23134f9cc0d356ad", size = 180687, upload-time = "2025-09-08T23:23:47.105Z" },
    { url = "https://files.pythonhosted.org/packages/3e/61/c768e4d548bfa607abcda77423448df8c471f25dbe64fb2ef6d555eae006/cffi-2.0.0-cp314-cp314t-macosx_10_13_x86_64.whl", hash = "sha256:9a67fc9e8eb39039280526379fb3a70023d77caec1852002b4da7e8b270c4dd9", size = 188773, upload-time = "2025-09-08T23:23:29.347Z" },
    { url = "https://files.pythonhosted.org/packages/2c/ea/5f76bce7cf6fcd0ab1a1058b5af899bfbef198bea4d5686da88471ea0336/cffi-2.0.0-cp314-cp314t-macosx_11_0_arm64.whl", hash = "sha256:7a66c7204d8869299919db4d5069a82f1561581af12b11b3c9f48c584eb8743d", size = 185013, upload-time = "2025-09-08T23:23:30.63Z" },
    { url = "https://files.pythonhosted.org/packages/be/b4/c56878d0d1755cf9caa54ba71e5d049479c52f9e4afc230f06822162ab2f/cffi-2.0.0-cp314-cp314t-manylinux2014_aarch64.manylinux_2_17_aarch64.whl", hash = "sha256:7cc09976e8b56f8cebd752f7113ad07752461f48a58cbba644139015ac24954c", size = 221593, upload-time = "2025-09-08T23:23:31.91Z" },
    { url = "https://files.pythonhosted.org/packages/e0/0d/eb704606dfe8033e7128df5e90fee946bbcb64a04fcdaa97321309004000/cffi-2.0.0-cp314-cp314t-manylinux2014_ppc64le.manylinux_2_17_ppc64le.whl", hash = "sha256:92b68146a71df78564e4ef48af17551a5ddd142e5190cdf2c5624d0c3ff5b2e8", size = 209354, upload-time = "2025-09-08T23:23:33.214Z" },
    { url = "https://files.pythonhosted.org/packages/d8/19/3c435d727b368ca475fb8742ab97c9cb13a0de600ce86f62eab7fa3eea60/cffi-2.0.0-cp314-cp314t-manylinux2014_s390x.manylinux_2_17_s390x.whl", hash = "sha256:b1e74d11748e7e98e2f426ab176d4ed720a64412b6a15054378afdb71e0f37dc", size = 208480, upload-time = "2025-09-08T23:23:34.495Z" },
    { url = "https://files.pythonhosted.org/packages/d0/44/681604464ed9541673e486521497406fadcc15b5217c3e326b061696899a/cffi-2.0.0-cp314-cp314t-manylinux2014_x86_64.manylinux_2_17_x86_64.whl", hash = "sha256:28a3a209b96630bca57cce802da70c266eb08c6e97e5afd61a75611ee6c64592", size = 221584, upload-time = "2025-09-08T23:23:36.096Z" },
    { url = "https://files.pythonhosted.org/packages/25/8e/342a504ff018a2825d395d44d63a767dd8ebc927ebda557fecdaca3ac33a/cffi-2.0.0-cp314-cp314t-musllinux_1_2_aarch64.whl", hash = "sha256:7553fb2090d71822f02c629afe6042c299edf91ba1bf94951165613553984512", size = 224443, upload-time = "2025-09-08T23:23:37.328Z" },
    { url = "https://files.pythonhosted.org/packages/e1/5e/b666bacbbc60fbf415ba9988324a132c9a7a0448a9a8f125074671c0f2c3/cffi-2.0.0-cp314-cp314t-musllinux_1_2_x86_64.whl", hash = "sha256:6c6c373cfc5c83a975506110d17457138c8c63016b563cc9ed6e056a82f13ce4", size = 223437, upload-time = "2025-09-08T23:23:38.945Z" },
    { url = "https://files.pythonhosted.org/packages/a0/1d/ec1a60bd1a10daa292d3cd6bb0b359a81607154fb8165f3ec95fe003b85c/cffi-2.0.0-cp314-cp314t-win32.whl", hash = "sha256:1fc9ea04857caf665289b7a75923f2c6ed559b8298a1b8c49e59f7dd95c8481e", size = 180487, upload-time = "2025-09-08T23:23:40.423Z" },
    { url = "https://files.pythonhosted.org/packages/bf/41/4c1168c74fac325c0c8156f04b6749c8b6a8f405bbf91413ba088359f60d/cffi-2.0.0-cp314-cp314t-win_amd64.whl", hash = "sha256:d68b6cef7827e8641e8ef16f4494edda8b36104d79773a334beaa1e3521430f6", size = 191726, upload-time = "2025-09-08T23:23:41.742Z" },
    { url = "https://files.pythonhosted.org/packages/ae/3a/dbeec9d1ee0844c679f6bb5d6ad4e9f198b1224f4e7a32825f47f6192b0c/cffi-2.0.0-cp314-cp314t-win_arm64.whl", hash = "sha256:0a1527a803f0a659de1af2e1fd700213caba79377e27e4693648c2923da066f9", size = 184195, upload-time = "2025-09-08T23:23:43.004Z" },
]

[[package]]
name = "et-xmlfile"
version = "2.0.0"
source = { registry = "https://pypi.org/simple" }
sdist = { url = "https://files.pythonhosted.org/packages/d3/38/af70d7ab1ae9d4da450eeec1fa3918940a5fafb9055e934af8d6eb0c2313/et_xmlfile-2.0.0.tar.gz", hash = "sha256:dab3f4764309081ce75662649be815c4c9081e88f0837825f90fd28317d4da54", size = 17234, upload-time = "2024-10-25T17:25:40.039Z" }
wheels = [
    { url = "https://files.pythonhosted.org/packages/c1/8b/5fe2cc11fee489817272089c4203e679c63b570a5aaeb18d852ae3cbba6a/et_xmlfile-2.0.0-py3-none-any.whl", hash = "sha256:7a91720bc756843502c3b7504c77b8fe44217c85c537d85037f0f536151b2caa", size = 18059, upload-time = "2024-10-25T17:25:39.051Z" },
]

[[package]]
name = "future"
version = "1.0.0"
source = { registry = "https://pypi.org/simple" }
sdist = { url = "https://files.pythonhosted.org/packages/a7/b2/4140c69c6a66432916b26158687e821ba631a4c9273c474343badf84d3ba/future-1.0.0.tar.gz", hash = "sha256:bd2968309307861edae1458a4f8a4f3598c03be43b97521076aebf5d94c07b05", size = 1228490, upload-time = "2024-02-21T11:52:38.461Z" }
wheels = [
    { url = "https://files.pythonhosted.org/packages/da/71/ae30dadffc90b9006d77af76b393cb9dfbfc9629f339fc1574a1c52e6806/future-1.0.0-py3-none-any.whl", hash = "sha256:929292d34f5872e70396626ef385ec22355a1fae8ad29e1a734c3e43f9fbc216", size = 491326, upload-time = "2024-02-21T11:52:35.956Z" },
]

[[package]]
name = "kociemba"
version = "1.2.1"
source = { registry = "https://pypi.org/simple" }
dependencies = [
    { name = "cffi" },
    { name = "future" },
]
sdist = { url = "https://files.pythonhosted.org/packages/b3/b6/3fe5719527e4691aaa7da5e74426f62e71e833767d8a8b9d48b5f3cbb9fb/kociemba-1.2.1.tar.gz", hash = "sha256:b77435d7b0e93e9c7963e487e8cc3820540bd1c9bb9fe5665999d3a8deac9ee6", size = 6605709, upload-time = "2019-06-26T08:02:48.637Z" }

[[package]]
name = "numpy"
version = "2.4.0"
source = { registry = "https://pypi.org/simple" }
sdist = { url = "https://files.pythonhosted.org/packages/a4/7a/6a3d14e205d292b738db449d0de649b373a59edb0d0b4493821d0a3e8718/numpy-2.4.0.tar.gz", hash = "sha256:6e504f7b16118198f138ef31ba24d985b124c2c469fe8467007cf30fd992f934", size = 20685720, upload-time = "2025-12-20T16:18:19.023Z" }
wheels = [
    { url = "https://files.pythonhosted.org/packages/ab/ed/52eac27de39d5e5a6c9aadabe672bc06f55e24a3d9010cd1183948055d76/numpy-2.4.0-cp314-cp314-macosx_10_15_x86_64.whl", hash = "sha256:c95eb6db2884917d86cde0b4d4cf31adf485c8ec36bf8696dd66fa70de96f36b", size = 16647476, upload-time = "2025-12-20T16:17:17.671Z" },
    { url = "https://files.pythonhosted.org/packages/77/c0/990ce1b7fcd4e09aeaa574e2a0a839589e4b08b2ca68070f1acb1fea6736/numpy-2.4.0-cp314-cp314-macosx_11_0_arm64.whl", hash = "sha256:65167da969cd1ec3a1df31cb221ca3a19a8aaa25370ecb17d428415e93c1935e", size = 12374563, upload-time = "2025-12-20T16:17:20.216Z" },
    { url = "https://files.pythonhosted.org/packages/37/7c/8c5e389c6ae8f5fd2277a988600d79e9625db3fff011a2d87ac80b881a4c/numpy-2.4.0-cp314-cp314-macosx_14_0_arm64.whl", hash = "sha256:3de19cfecd1465d0dcf8a5b5ea8b3155b42ed0b639dba4b71e323d74f2a3be5e", size = 5203107, upload-time = "2025-12-20T16:17:22.47Z" },
    { url = "https://files.pythonhosted.org/packages/e6/94/ca5b3bd6a8a70a5eec9a0b8dd7f980c1eff4b8a54970a9a7fef248ef564f/numpy-2.4.0-cp314-cp314-macosx_14_0_x86_64.whl", hash = "sha256:6c05483c3136ac4c91b4e81903cb53a8707d316f488124d0398499a4f8e8ef51", size = 6538067, upload-time = "2025-12-20T16:17:24.001Z" },
    { url = "https://files.pythonhosted.org/packages/79/43/993eb7bb5be6761dde2b3a3a594d689cec83398e3f58f4758010f3b85727/numpy-2.4.0-cp314-cp314-manylinux_2_27_aarch64.manylinux_2_28_aarch64.whl", hash = "sha256:36667db4d6c1cea79c8930ab72fadfb4060feb4bfe724141cd4bd064d2e5f8ce", size = 14411926, upload-time = "2025-12-20T16:17:25.822Z" },
    { url = "https://files.pythonhosted.org/packages/03/75/d4c43b61de473912496317a854dac54f1efec3eeb158438da6884b70bb90/numpy-2.4.0-cp314-cp314-manylinux_2_27_x86_64.manylinux_2_28_x86_64.whl", hash = "sha256:9a818668b674047fd88c4cddada7ab8f1c298812783e8328e956b78dc4807f9f", size = 16354295, upload-time = "2025-12-20T16:17:28.308Z" },
    { url = "https://files.pythonhosted.org/packages/b8/0a/b54615b47ee8736a6461a4bb6749128dd3435c5a759d5663f11f0e9af4ac/numpy-2.4.0-cp314-cp314-musllinux_1_2_aarch64.whl", hash = "sha256:1ee32359fb7543b7b7bd0b2f46294db27e29e7bbdf70541e81b190836cd83ded", size = 16190242, upload-time = "2025-12-20T16:17:30.993Z" },
    { url = "https://files.pythonhosted.org/packages/98/ce/ea207769aacad6246525ec6c6bbd66a2bf56c72443dc10e2f90feed29290/numpy-2.4.0-cp314-cp314-musllinux_1_2_x86_64.whl", hash = "sha256:e493962256a38f58283de033d8af176c5c91c084ea30f15834f7545451c42059", size = 18280875, upload-time = "2025-12-20T16:17:33.327Z" },
    { url = "https://files.pythonhosted.org/packages/17/ef/ec409437aa962ea372ed601c519a2b141701683ff028f894b7466f0ab42b/numpy-2.4.0-cp314-cp314-win32.whl", hash = "sha256:6bbaebf0d11567fa8926215ae731e1d58e6ec28a8a25235b8a47405d301332db", size = 6002530, upload-time = "2025-12-20T16:17:35.729Z" },
    { url = "https://files.pythonhosted.org/packages/5f/4a/5cb94c787a3ed1ac65e1271b968686521169a7b3ec0b6544bb3ca32960b0/numpy-2.4.0-cp314-cp314-win_amd64.whl", hash = "sha256:3d857f55e7fdf7c38ab96c4558c95b97d1c685be6b05c249f5fdafcbd6f9899e", size = 12435890, upload-time = "2025-12-20T16:17:37.599Z" },
    { url = "https://files.pythonhosted.org/packages/48/a0/04b89db963af9de1104975e2544f30de89adbf75b9e75f7dd2599be12c79/numpy-2.4.0-cp314-cp314-win_arm64.whl", hash = "sha256:bb50ce5fb202a26fd5404620e7ef820ad1ab3558b444cb0b55beb7ef66cd2d63", size = 10591892, upload-time = "2025-12-20T16:17:39.649Z" },
    { url = "https://files.pythonhosted.org/packages/53/e5/d74b5ccf6712c06c7a545025a6a71bfa03bdc7e0568b405b0d655232fd92/numpy-2.4.0-cp314-cp314t-macosx_11_0_arm64.whl", hash = "sha256:355354388cba60f2132df297e2d53053d4063f79077b67b481d21276d61fc4df", size = 12494312, upload-time = "2025-12-20T16:17:41.714Z" },
    { url = "https://files.pythonhosted.org/packages/c2/08/3ca9cc2ddf54dfee7ae9a6479c071092a228c68aef08252aa08dac2af002/numpy-2.4.0-cp314-cp314t-macosx_14_0_arm64.whl", hash = "sha256:1d8f9fde5f6dc1b6fc34df8162f3b3079365468703fee7f31d4e0cc8c63baed9", size = 5322862, upload-time = "2025-12-20T16:17:44.145Z" },
    { url = "https://files.pythonhosted.org/packages/87/74/0bb63a68394c0c1e52670cfff2e309afa41edbe11b3327d9af29e4383f34/numpy-2.4.0-cp314-cp314t-macosx_14_0_x86_64.whl", hash = "sha256:e0434aa22c821f44eeb4c650b81c7fbdd8c0122c6c4b5a576a76d5a35625ecd9", size = 6644986, upload-time = "2025-12-20T16:17:46.203Z" },
    { url = "https://files.pythonhosted.org/packages/06/8f/9264d9bdbcf8236af2823623fe2f3981d740fc3461e2787e231d97c38c28/numpy-2.4.0-cp314-cp314t-manylinux_2_27_aarch64.manylinux_2_28_aarch64.whl", hash = "sha256:40483b2f2d3ba7aad426443767ff5632ec3156ef09742b96913787d13c336471", size = 14457958, upload-time = "2025-12-20T16:17:48.017Z" },
    { url = "https://files.pythonhosted.org/packages/8c/d9/f9a69ae564bbc7236a35aa883319364ef5fd41f72aa320cc1cbe66148fe2/numpy-2.4.0-cp314-cp314t-manylinux_2_27_x86_64.manylinux_2_28_x86_64.whl", hash = "sha256:d9e6a7664ddd9746e20b7325351fe1a8408d0a2bf9c63b5e898290ddc8f09544", size = 16398394, upload-time = "2025-12-20T16:17:50.409Z" },
    { url = "https://files.pythonhosted.org/packages/34/c7/39241501408dde7f885d241a98caba5421061a2c6d2b2197ac5e3aa842d8/numpy-2.4.0-cp314-cp314t-musllinux_1_2_aarch64.whl", hash = "sha256:ecb0019d44f4cdb50b676c5d0cb4b1eae8e15d1ed3d3e6639f986fc92b2ec52c", size = 16241044, upload-time = "2025-12-20T16:17:52.661Z" },
    { url = "https://files.pythonhosted.org/packages/7c/95/cae7effd90e065a95e59fe710eeee05d7328ed169776dfdd9f789e032125/numpy-2.4.0-cp314-cp314t-musllinux_1_2_x86_64.whl", hash = "sha256:d0ffd9e2e4441c96a9c91ec1783285d80bf835b677853fc2770a89d50c1e48ac", size = 18321772, upload-time = "2025-12-20T16:17:54.947Z" },
    { url = "https://files.pythonhosted.org/packages/96/df/3c6c279accd2bfb968a76298e5b276310bd55d243df4fa8ac5816d79347d/numpy-2.4.0-cp314-cp314t-win32.whl", hash = "sha256:77f0d13fa87036d7553bf81f0e1fe3ce68d14c9976c9851744e4d3e91127e95f", size = 6148320, upload-time = "2025-12-20T16:17:57.249Z" },
    { url = "https://files.pythonhosted.org/packages/92/8d/f23033cce252e7a75cae853d17f582e86534c46404dea1c8ee094a9d6d84/numpy-2.4.0-cp314-cp314t-win_amd64.whl", hash = "sha256:b1f5b45829ac1848893f0ddf5cb326110604d6df96cdc255b0bf9edd154104d4", size = 12623460, upload-time = "2025-12-20T16:17:58.963Z" },
    { url = "https://files.pythonhosted.org/packages/a4/4f/1f8475907d1a7c4ef9020edf7f39ea2422ec896849245f00688e4b268a71/numpy-2.4.0-cp314-cp314t-win_arm64.whl", hash = "sha256:23a3e9d1a6f360267e8fbb38ba5db355a6a7e9be71d7fce7ab3125e88bb646c8", size = 10661799, upload-time = "2025-12-20T16:18:01.078Z" },
]

[[package]]
name = "openpyxl"
version = "3.1.5"
source = { registry = "https://pypi.org/simple" }
dependencies = [
    { name = "et-xmlfile" },
]
sdist = { url = "https://files.pythonhosted.org/packages/3d/f9/88d94a75de065ea32619465d2f77b29a0469500e99012523b91cc4141cd1/openpyxl-3.1.5.tar.gz", hash = "sha256:cf0e3cf56142039133628b5acffe8ef0c12bc902d2aadd3e0fe5878dc08d1050", size = 186464, upload-time = "2024-06-28T14:03:44.161Z" }
wheels = [
    { url = "https://files.pythonhosted.org/packages/c0/da/977ded879c29cbd04de313843e76868e6e13408a94ed6b987245dc7c8506/openpyxl-3.1.5-py2.py3-none-any.whl", hash = "sha256:5282c12b107bffeef825f4617dc029afaf41d0ea60823bbb665ef3079dc79de2", size = 250910, upload-time = "2024-06-28T14:03:41.161Z" },
]

[[package]]
name = "pandas"
version = "2.3.3"
source = { registry = "https://pypi.org/simple" }
dependencies = [
    { name = "numpy" },
    { name = "python-dateutil" },
    { name = "pytz" },
    { name = "tzdata" },
]
sdist = { url = "https://files.pythonhosted.org/packages/33/01/d40b85317f86cf08d853a4f495195c73815fdf205eef3993821720274518/pandas-2.3.3.tar.gz", hash = "sha256:e05e1af93b977f7eafa636d043f9f94c7ee3ac81af99c13508215942e64c993b", size = 4495223, upload-time = "2025-09-29T23:34:51.853Z" }
wheels = [
    { url = "https://files.pythonhosted.org/packages/04/fd/74903979833db8390b73b3a8a7d30d146d710bd32703724dd9083950386f/pandas-2.3.3-cp314-cp314-macosx_10_13_x86_64.whl", hash = "sha256:ee15f284898e7b246df8087fc82b87b01686f98ee67d85a17b7ab44143a3a9a0", size = 11540635, upload-time = "2025-09-29T23:25:52.486Z" },
    { url = "https://files.pythonhosted.org/packages/21/00/266d6b357ad5e6d3ad55093a7e8efc7dd245f5a842b584db9f30b0f0a287/pandas-2.3.3-cp314-cp314-macosx_11_0_arm64.whl", hash = "sha256:1611aedd912e1ff81ff41c745822980c49ce4a7907537be8692c8dbc31924593", size = 10759079, upload-time = "2025-09-29T23:26:33.204Z" },
    { url = "https://files.pythonhosted.org/packages/ca/05/d01ef80a7a3a12b2f8bbf16daba1e17c98a2f039cbc8e2f77a2c5a63d382/pandas-2.3.3-cp314-cp314-manylinux_2_24_aarch64.manylinux_2_28_aarch64.whl", hash = "sha256:6d2cefc361461662ac48810cb14365a365ce864afe85ef1f447ff5a1e99ea81c", size = 11814049, upload-time = "2025-09-29T23:27:15.384Z" },
    { url = "https://files.pythonhosted.org/packages/15/b2/0e62f78c0c5ba7e3d2c5945a82456f4fac76c480940f805e0b97fcbc2f65/pandas-2.3.3-cp314-cp314-manylinux_2_24_x86_64.manylinux_2_28_x86_64.whl", hash = "sha256:ee67acbbf05014ea6c763beb097e03cd629961c8a632075eeb34247120abcb4b", size = 12332638, upload-time = "2025-09-29T23:27:51.625Z" },
    { url = "https://files.pythonhosted.org/packages/c5/33/dd70400631b62b9b29c3c93d2feee1d0964dc2bae2e5ad7a6c73a7f25325/pandas-2.3.3-cp314-cp314-musllinux_1_2_aarch64.whl", hash = "sha256:c46467899aaa4da076d5abc11084634e2d197e9460643dd455ac3db5856b24d6", size = 12886834, upload-time = "2025-09-29T23:28:21.289Z" },
    { url = "https://files.pythonhosted.org/packages/d3/18/b5d48f55821228d0d2692b34fd5034bb185e854bdb592e9c640f6290e012/pandas-2.3.3-cp314-cp314-musllinux_1_2_x86_64.whl", hash = "sha256:6253c72c6a1d990a410bc7de641d34053364ef8bcd3126f7e7450125887dffe3", size = 13409925, upload-time = "2025-09-29T23:28:58.261Z" },
    { url = "https://files.pythonhosted.org/packages/a6/3d/124ac75fcd0ecc09b8fdccb0246ef65e35b012030defb0e0eba2cbbbe948/pandas-2.3.3-cp314-cp314-win_amd64.whl", hash = "sha256:1b07204a219b3b7350abaae088f451860223a52cfb8a6c53358e7948735158e5", size = 11109071, upload-time = "2025-09-29T23:32:27.484Z" },
    { url = "https://files.pythonhosted.org/packages/89/9c/0e21c895c38a157e0faa1fb64587a9226d6dd46452cac4532d80c3c4a244/pandas-2.3.3-cp314-cp314t-macosx_10_13_x86_64.whl", hash = "sha256:2462b1a365b6109d275250baaae7b760fd25c726aaca0054649286bcfbb3e8ec", size = 12048504, upload-time = "2025-09-29T23:29:31.47Z" },
    { url = "https://files.pythonhosted.org/packages/d7/82/b69a1c95df796858777b68fbe6a81d37443a33319761d7c652ce77797475/pandas-2.3.3-cp314-cp314t-macosx_11_0_arm64.whl", hash = "sha256:0242fe9a49aa8b4d78a4fa03acb397a58833ef6199e9aa40a95f027bb3a1b6e7", size = 11410702, upload-time = "2025-09-29T23:29:54.591Z" },
    { url = "https://files.pythonhosted.org/packages/f9/88/702bde3ba0a94b8c73a0181e05144b10f13f29ebfc2150c3a79062a8195d/pandas-2.3.3-cp314-cp314t-manylinux_2_24_aarch64.manylinux_2_28_aarch64.whl", hash = "sha256:a21d830e78df0a515db2b3d2f5570610f5e6bd2e27749770e8bb7b524b89b450", size = 11634535, upload-time = "2025-09-29T23:30:21.003Z" },
    { url = "https://files.pythonhosted.org/packages/a4/1e/1bac1a839d12e6a82ec6cb40cda2edde64a2013a66963293696bbf31fbbb/pandas-2.3.3-cp314-cp314t-manylinux_2_24_x86_64.manylinux_2_28_x86_64.whl", hash = "sha256:2e3ebdb170b5ef78f19bfb71b0dc5dc58775032361fa188e814959b74d726dd5", size = 12121582, upload-time = "2025-09-29T23:30:43.391Z" },
    { url = "https://files.pythonhosted.org/packages/44/91/483de934193e12a3b1d6ae7c8645d083ff88dec75f46e827562f1e4b4da6/pandas-2.3.3-cp314-cp314t-musllinux_1_2_aarch64.whl", hash = "sha256:d051c0e065b94b7a3cea50eb1ec32e912cd96dba41647eb24104b6c6c14c5788", size = 12699963, upload-time = "2025-09-29T23:31:10.009Z" },
    { url = "https://files.pythonhosted.org/packages/70/44/5191d2e4026f86a2a109053e194d3ba7a31a2d10a9c2348368c63ed4e85a/pandas-2.3.3-cp314-cp314t-musllinux_1_2_x86_64.whl", hash = "sha256:3869faf4bd07b3b66a9f462417d0ca3a9df29a9f6abd5d0d0dbab15dac7abe87", size = 13202175, upload-time = "2025-09-29T23:31:59.173Z" },
]

[[package]]
name = "pycparser"
version = "2.23"
source = { registry = "https://pypi.org/simple" }
sdist = { url = "https://files.pythonhosted.org/packages/fe/cf/d2d3b9f5699fb1e4615c8e32ff220203e43b248e1dfcc6736ad9057731ca/pycparser-2.23.tar.gz", hash = "sha256:78816d4f24add8f10a06d6f05b4d424ad9e96cfebf68a4ddc99c65c0720d00c2", size = 173734, upload-time = "2025-09-09T13:23:47.91Z" }
wheels = [
    { url = "https://files.pythonhosted.org/packages/a0/e3/59cd50310fc9b59512193629e1984c1f95e5c8ae6e5d8c69532ccc65a7fe/pycparser-2.23-py3-none-any.whl", hash = "sha256:e5c6e8d3fbad53479cab09ac03729e0a9faf2bee3db8208a550daf5af81a5934", size = 118140, upload-time = "2025-09-09T13:23:46.651Z" },
]

[[package]]
name = "python-dateutil"
version = "2.9.0.post0"
source = { registry = "https://pypi.org/simple" }
dependencies = [
    { name = "six" },
]
sdist = { url = "https://files.pythonhosted.org/packages/66/c0/0c8b6ad9f17a802ee498c46e004a0eb49bc148f2fd230864601a86dcf6db/python-dateutil-2.9.0.post0.tar.gz", hash = "sha256:37dd54208da7e1cd875388217d5e00ebd4179249f90fb72437e91a35459a0ad3", size = 342432, upload-time = "2024-03-01T18:36:20.211Z" }
wheels = [
    { url = "https://files.pythonhosted.org/packages/ec/57/56b9bcc3c9c6a792fcbaf139543cee77261f3651ca9da0c93f5c1221264b/python_dateutil-2.9.0.post0-py2.py3-none-any.whl", hash = "sha256:a8b2bc7bffae282281c8140a97d3aa9c14da0b136dfe83f850eea9a5f7470427", size = 229892, upload-time = "2024-03-01T18:36:18.57Z" },
]

[[package]]
name = "pytz"
version = "2025.2"
source = { registry = "https://pypi.org/simple" }
sdist = { url = "https://files.pythonhosted.org/packages/f8/bf/abbd3cdfb8fbc7fb3d4d38d320f2441b1e7cbe29be4f23797b4a2b5d8aac/pytz-2025.2.tar.gz", hash = "sha256:360b9e3dbb49a209c21ad61809c7fb453643e048b38924c765813546746e81c3", size = 320884, upload-time = "2025-03-25T02:25:00.538Z" }
wheels = [
    { url = "https://files.pythonhosted.org/packages/81/c4/34e93fe5f5429d7570ec1fa436f1986fb1f00c3e0f43a589fe2bbcd22c3f/pytz-2025.2-py2.py3-none-any.whl", hash = "sha256:5ddf76296dd8c44c26eb8f4b6f35488f3ccbf6fbbd7adee0b7262d43f0ec2f00", size = 509225, upload-time = "2025-03-25T02:24:58.468Z" },
]

[[package]]
name = "six"
version = "1.17.0"
source = { registry = "https://pypi.org/simple" }
sdist = { url = "https://files.pythonhosted.org/packages/94/e7/b2c673351809dca68a0e064b6af791aa332cf192da575fd474ed7d6f16a2/six-1.17.0.tar.gz", hash = "sha256:ff70335d468e7eb6ec65b95b99d3a2836546063f63acc5171de367e834932a81", size = 34031, upload-time = "2024-12-04T17:35:28.174Z" }
wheels = [
    { url = "https://files.pythonhosted.org/packages/b7/ce/149a00dd41f10bc29e5921b496af8b574d8413afcd5e30dfa0ed46c2cc5e/six-1.17.0-py2.py3-none-any.whl", hash = "sha256:4721f391ed90541fddacab5acf947aa0d3dc7d27b2e1e8eda2be8970586c3274", size = 11050, upload-time = "2024-12-04T17:35:26.475Z" },
]

[[package]]
name = "tzdata"
version = "2025.3"
source = { registry = "https://pypi.org/simple" }
sdist = { url = "https://files.pythonhosted.org/packages/5e/a7/c202b344c5ca7daf398f3b8a477eeb205cf3b6f32e7ec3a6bac0629ca975/tzdata-2025.3.tar.gz", hash = "sha256:de39c2ca5dc7b0344f2eba86f49d614019d29f060fc4ebc8a417896a620b56a7", size = 196772, upload-time = "2025-12-13T17:45:35.667Z" }
wheels = [
    { url = "https://files.pythonhosted.org/packages/c7/b0/003792df09decd6849a5e39c28b513c06e84436a54440380862b5aeff25d/tzdata-2025.3-py2.py3-none-any.whl", hash = "sha256:06a47e5700f3081aab02b2e513160914ff0694bce9947d6b76ebd6bf57cfc5d1", size = 348521, upload-time = "2025-12-13T17:45:33.889Z" },
]
